
Microsoft Visual Studio Solution File, Format Version 12.00
# Visual Studio Version 16
VisualStudioVersion = 16.0.31624.102
MinimumVisualStudioVersion = 10.0.40219.1
Project("{FAE04EC0-301F-11D3-BF4B-00C04F79EFBC}") = "MSSQLClientContractsForm", "MSSQLClientContractsForm\MSSQLClientContractsForm.csproj", "{78F7A747-5066-46CC-B35E-3FE220132DA7}"
EndProject
Global
	GlobalSection(SolutionConfigurationPlatforms) = preSolution
		Debug|Any CPU = Debug|Any CPU
		Release|Any CPU = Release|Any CPU
	EndGlobalSection
	GlobalSection(ProjectConfigurationPlatforms) = postSolution
		{78F7A747-5066-46CC-B35E-3FE220132DA7}.Debug|Any CPU.ActiveCfg = Debug|Any CPU
		{78F7A747-5066-46CC-B35E-3FE220132DA7}.Debug|Any CPU.Build.0 = Debug|Any CPU
		{78F7A747-5066-46CC-B35E-3FE220132DA7}.Release|Any CPU.ActiveCfg = Release|Any CPU
		{78F7A747-5066-46CC-B35E-3FE220132DA7}.Release|Any CPU.Build.0 = Release|Any CPU
	EndGlobalSection
	GlobalSection(SolutionProperties) = preSolution
		HideSolutionNode = FALSE
	EndGlobalSection
	GlobalSection(ExtensibilityGlobals) = postSolution
		SolutionGuid = {84851A60-788E-4FCD-9DD5-980F9CAE11D3}
	EndGlobalSection
EndGlobal
