
Microsoft Visual Studio Solution File, Format Version 12.00
# Visual Studio Version 16
VisualStudioVersion = 16.0.31624.102
MinimumVisualStudioVersion = 10.0.40219.1
Project("{FAE04EC0-301F-11D3-BF4B-00C04F79EFBC}") = "ClientContractWPF", "ClientContractWPF\ClientContractWPF.csproj", "{4E16E68D-1A5C-4190-8FA8-C73ACDED05BA}"
EndProject
Global
	GlobalSection(SolutionConfigurationPlatforms) = preSolution
		Debug|Any CPU = Debug|Any CPU
		Release|Any CPU = Release|Any CPU
	EndGlobalSection
	GlobalSection(ProjectConfigurationPlatforms) = postSolution
		{4E16E68D-1A5C-4190-8FA8-C73ACDED05BA}.Debug|Any CPU.ActiveCfg = Debug|Any CPU
		{4E16E68D-1A5C-4190-8FA8-C73ACDED05BA}.Debug|Any CPU.Build.0 = Debug|Any CPU
		{4E16E68D-1A5C-4190-8FA8-C73ACDED05BA}.Release|Any CPU.ActiveCfg = Release|Any CPU
		{4E16E68D-1A5C-4190-8FA8-C73ACDED05BA}.Release|Any CPU.Build.0 = Release|Any CPU
	EndGlobalSection
	GlobalSection(SolutionProperties) = preSolution
		HideSolutionNode = FALSE
	EndGlobalSection
	GlobalSection(ExtensibilityGlobals) = postSolution
		SolutionGuid = {2AF4FAF4-5EAB-4E88-8420-BB3BF62CF7E9}
	EndGlobalSection
EndGlobal
